GEM
  remote: https://rubygems.org/
  specs:
    addressable (2.5.2)
      public_suffix (>= 2.0.2, < 4.0)
    bibtex-ruby (4.4.5)
      latex-decode (~> 0.0)
    citeproc (1.0.8)
      namae (~> 1.0)
    citeproc-ruby (1.1.8)
      citeproc (>= 1.0.4, < 2.0)
      csl (~> 1.4)
    colorator (1.1.0)
    csl (1.5.0)
      namae (~> 1.0)
    csl-styles (1.0.1.8)
      csl (~> 1.0)
    ffi (1.9.23)
    forwardable-extended (2.6.0)
    jekyll (3.6.2)
      addressable (~> 2.4)
      colorator (~> 1.0)
      jekyll-sass-converter (~> 1.0)
      jekyll-watch (~> 1.1)
      kramdown (~> 1.14)
      liquid (~> 4.0)
      mercenary (~> 0.3.3)
      pathutil (~> 0.9)
      rouge (>= 1.7, < 3)
      safe_yaml (~> 1.0)
    jekyll-feed (0.9.3)
      jekyll (~> 3.3)
    jekyll-last-modified-at (1.0.1)
      jekyll (~> 3.3)
      posix-spawn (~> 0.3.9)
    jekyll-sass-converter (1.5.2)
      sass (~> 3.4)
    jekyll-scholar (5.12.0)
      bibtex-ruby (~> 4.0, >= 4.0.13)
      citeproc-ruby (~> 1.0)
      csl-styles (~> 1.0)
      jekyll (~> 3.0)
    jekyll-seo-tag (2.4.0)
      jekyll (~> 3.3)
    jekyll-watch (1.5.1)
      listen (~> 3.0)
    kramdown (1.16.2)
    latex-decode (0.3.1)
    liquid (4.0.0)
    listen (3.1.5)
      rb-fsevent (~> 0.9, >= 0.9.4)
      rb-inotify (~> 0.9, >= 0.9.7)
      ruby_dep (~> 1.2)
    mercenary (0.3.6)
    minima (2.3.0)
      jekyll (~> 3.5)
      jekyll-feed (~> 0.9)
      jekyll-seo-tag (~> 2.1)
    namae (1.0.1)
    pathutil (0.16.1)
      forwardable-extended (~> 2.6)
    posix-spawn (0.3.13)
    public_suffix (3.0.2)
    rb-fsevent (0.10.2)
    rb-inotify (0.9.10)
      ffi (>= 0.5.0, < 2)
    rouge (2.2.1)
    ruby_dep (1.5.0)
    safe_yaml (1.0.4)
    sass (3.5.5)
      sass-listen (~> 4.0.0)
    sass-listen (4.0.0)
      rb-fsevent (~> 0.9, >= 0.9.4)
      rb-inotify (~> 0.9, >= 0.9.7)

PLATFORMS
  ruby

DEPENDENCIES
  jekyll (~> 3.6.2)
  jekyll-last-modified-at
  jekyll-scholar
  minima (~> 2.0)
  tzinfo-data

BUNDLED WITH
   1.16.3
